
Microsoft Visual Studio Solution File, Format Version 12.00
# Visual Studio Version 17
VisualStudioVersion = 17.11.35208.52
MinimumVisualStudioVersion = 10.0.40219.1
Project("{9A19103F-16F7-4668-BE54-9A1E7A4F7556}") = "ZoneEditor", "ZoneEditor\ZoneEditor.csproj", "{489403BF-A4CD-403A-BAD8-187DFCBC797D}"
EndProject
Project("{8BC9CEB8-8B4A-11D0-8D11-00A0C91BC942}") = "Engine", "Engine\Engine.vcxproj", "{CC266EB5-944E-4AE9-8953-47AE53E507BB}"
EndProject
Project("{8BC9CEB8-8B4A-11D0-8D11-00A0C91BC942}") = "EngineTest", "EngineTest\EngineTest.vcxproj", "{C336AC22-0DBF-4B4E-9DE0-28391CEC0EBA}"
EndProject
Project("{8BC9CEB8-8B4A-11D0-8D11-00A0C91BC942}") = "ContentTools", "ContentTools\ContentTools.vcxproj", "{4B403524-2CAA-4D94-993B-6C4F203BB7D9}"
EndProject
Global
	GlobalSection(SolutionConfigurationPlatforms) = preSolution
		Debug|x64 = Debug|x64
		DebugEditor|x64 = DebugEditor|x64
		Release|x64 = Release|x64
		ReleaseEditor|x64 = ReleaseEditor|x64
	EndGlobalSection
	GlobalSection(ProjectConfigurationPlatforms) = postSolution
		{489403BF-A4CD-403A-BAD8-187DFCBC797D}.Debug|x64.ActiveCfg = DebugEditor|x64
		{489403BF-A4CD-403A-BAD8-187DFCBC797D}.DebugEditor|x64.ActiveCfg = DebugEditor|x64
		{489403BF-A4CD-403A-BAD8-187DFCBC797D}.DebugEditor|x64.Build.0 = DebugEditor|x64
		{489403BF-A4CD-403A-BAD8-187DFCBC797D}.Release|x64.ActiveCfg = ReleaseEditor|x64
		{489403BF-A4CD-403A-BAD8-187DFCBC797D}.Release|x64.Build.0 = ReleaseEditor|x64
		{489403BF-A4CD-403A-BAD8-187DFCBC797D}.ReleaseEditor|x64.ActiveCfg = ReleaseEditor|x64
		{489403BF-A4CD-403A-BAD8-187DFCBC797D}.ReleaseEditor|x64.Build.0 = ReleaseEditor|x64
		{CC266EB5-944E-4AE9-8953-47AE53E507BB}.Debug|x64.ActiveCfg = Debug|x64
		{CC266EB5-944E-4AE9-8953-47AE53E507BB}.Debug|x64.Build.0 = Debug|x64
		{CC266EB5-944E-4AE9-8953-47AE53E507BB}.DebugEditor|x64.ActiveCfg = DebugEditor|x64
		{CC266EB5-944E-4AE9-8953-47AE53E507BB}.DebugEditor|x64.Build.0 = DebugEditor|x64
		{CC266EB5-944E-4AE9-8953-47AE53E507BB}.Release|x64.ActiveCfg = ReleaseEditor|x64
		{CC266EB5-944E-4AE9-8953-47AE53E507BB}.Release|x64.Build.0 = ReleaseEditor|x64
		{CC266EB5-944E-4AE9-8953-47AE53E507BB}.ReleaseEditor|x64.ActiveCfg = ReleaseEditor|x64
		{CC266EB5-944E-4AE9-8953-47AE53E507BB}.ReleaseEditor|x64.Build.0 = ReleaseEditor|x64
		{C336AC22-0DBF-4B4E-9DE0-28391CEC0EBA}.Debug|x64.ActiveCfg = Debug|x64
		{C336AC22-0DBF-4B4E-9DE0-28391CEC0EBA}.Debug|x64.Build.0 = Debug|x64
		{C336AC22-0DBF-4B4E-9DE0-28391CEC0EBA}.DebugEditor|x64.ActiveCfg = DebugEditor|x64
		{C336AC22-0DBF-4B4E-9DE0-28391CEC0EBA}.Release|x64.ActiveCfg = Release|x64
		{C336AC22-0DBF-4B4E-9DE0-28391CEC0EBA}.Release|x64.Build.0 = Release|x64
		{C336AC22-0DBF-4B4E-9DE0-28391CEC0EBA}.ReleaseEditor|x64.ActiveCfg = ReleaseEditor|x64
		{C336AC22-0DBF-4B4E-9DE0-28391CEC0EBA}.ReleaseEditor|x64.Build.0 = ReleaseEditor|x64
		{4B403524-2CAA-4D94-993B-6C4F203BB7D9}.Debug|x64.ActiveCfg = DebugEditor|x64
		{4B403524-2CAA-4D94-993B-6C4F203BB7D9}.Debug|x64.Build.0 = DebugEditor|x64
		{4B403524-2CAA-4D94-993B-6C4F203BB7D9}.DebugEditor|x64.ActiveCfg = DebugEditor|x64
		{4B403524-2CAA-4D94-993B-6C4F203BB7D9}.DebugEditor|x64.Build.0 = DebugEditor|x64
		{4B403524-2CAA-4D94-993B-6C4F203BB7D9}.Release|x64.ActiveCfg = ReleaseEditor|x64
		{4B403524-2CAA-4D94-993B-6C4F203BB7D9}.Release|x64.Build.0 = ReleaseEditor|x64
		{4B403524-2CAA-4D94-993B-6C4F203BB7D9}.ReleaseEditor|x64.ActiveCfg = ReleaseEditor|x64
		{4B403524-2CAA-4D94-993B-6C4F203BB7D9}.ReleaseEditor|x64.Build.0 = ReleaseEditor|x64
	EndGlobalSection
	GlobalSection(SolutionProperties) = preSolution
		HideSolutionNode = FALSE
	EndGlobalSection
	GlobalSection(ExtensibilityGlobals) = postSolution
		SolutionGuid = {31107476-83E8-46FB-99E5-3D618F728656}
	EndGlobalSection
EndGlobal
