<?xml version="1.0" encoding="utf-8"?>
<Project ToolsVersion="4.0" xmlns="http://schemas.microsoft.com/developer/msbuild/2003">
  <ItemGroup>
    <Filter Include="WindowsCommons">
      <UniqueIdentifier>{a8d23ce1-7639-42a0-938f-2c02c002ce60}</UniqueIdentifier>
    </Filter>
    <Filter Include="Source">
      <UniqueIdentifier>{cdc08eed-9883-4f05-b6a3-cb99b472f3b7}</UniqueIdentifier>
    </Filter>
  </ItemGroup>
  <ItemGroup>
    <ClCompile Include="..\Source\main.cpp">
      <Filter>Source</Filter>
    </ClCompile>
  </ItemGroup>
  <ItemGroup>
    <ClInclude Include="..\WindowsCommons\d3dx12.h">
      <Filter>WindowsCommons</Filter>
    </ClInclude>
  </ItemGroup>
</Project>